
Microsoft Visual Studio Solution File, Format Version 12.00
# Visual Studio Version 16
VisualStudioVersion = 16.0.29319.158
MinimumVisualStudioVersion = 10.0.40219.1
Project("{9A19103F-16F7-4668-BE54-9A1E7A4F7556}") = "HttpSocket", "src\HttpSocket.csproj", "{3E3C78A7-C83C-489D-8EAE-942B97788AC9}"
EndProject
Global
	GlobalSection(SolutionConfigurationPlatforms) = preSolution
		Debug|Any CPU = Debug|Any CPU
		Release|Any CPU = Release|Any CPU
	EndGlobalSection
	GlobalSection(ProjectConfigurationPlatforms) = postSolution
		{3E3C78A7-C83C-489D-8EAE-942B97788AC9}.Debug|Any CPU.ActiveCfg = Debug|Any CPU
		{3E3C78A7-C83C-489D-8EAE-942B97788AC9}.Debug|Any CPU.Build.0 = Debug|Any CPU
		{3E3C78A7-C83C-489D-8EAE-942B97788AC9}.Release|Any CPU.ActiveCfg = Release|Any CPU
		{3E3C78A7-C83C-489D-8EAE-942B97788AC9}.Release|Any CPU.Build.0 = Release|Any CPU
	EndGlobalSection
	GlobalSection(SolutionProperties) = preSolution
		HideSolutionNode = FALSE
	EndGlobalSection
	GlobalSection(ExtensibilityGlobals) = postSolution
		SolutionGuid = {6925EFB9-E899-459B-8860-A7C0337190A5}
	EndGlobalSection
EndGlobal
